
Microsoft Visual Studio Solution File, Format Version 12.00
# Visual Studio Version 16
VisualStudioVersion = 16.0.30611.23
MinimumVisualStudioVersion = 10.0.40219.1
Project("{FAE04EC0-301F-11D3-BF4B-00C04F79EFBC}") = "WFA_Menu", "WFA_Menu\WFA_Menu.csproj", "{310BE84B-D4A4-47E2-BC14-ED9B3B95BDF3}"
EndProject
Global
	GlobalSection(SolutionConfigurationPlatforms) = preSolution
		Debug|Any CPU = Debug|Any CPU
		Release|Any CPU = Release|Any CPU
	EndGlobalSection
	GlobalSection(ProjectConfigurationPlatforms) = postSolution
		{310BE84B-D4A4-47E2-BC14-ED9B3B95BDF3}.Debug|Any CPU.ActiveCfg = Debug|Any CPU
		{310BE84B-D4A4-47E2-BC14-ED9B3B95BDF3}.Debug|Any CPU.Build.0 = Debug|Any CPU
		{310BE84B-D4A4-47E2-BC14-ED9B3B95BDF3}.Release|Any CPU.ActiveCfg = Release|Any CPU
		{310BE84B-D4A4-47E2-BC14-ED9B3B95BDF3}.Release|Any CPU.Build.0 = Release|Any CPU
	EndGlobalSection
	GlobalSection(SolutionProperties) = preSolution
		HideSolutionNode = FALSE
	EndGlobalSection
	GlobalSection(ExtensibilityGlobals) = postSolution
		SolutionGuid = {EF90189B-B880-4682-AF05-DE32DCD94969}
	EndGlobalSection
EndGlobal
